# THIS IS AN AUTOGENERATED FILE. DO NOT EDIT THIS FILE DIRECTLY.
# yarn lockfile v1


ansi-regex@^5.0.0:
  version "5.0.0"
  resolved "https://packages.atlassian.com/api/npm/npm-remote/ansi-regex/-/ansi-regex-5.0.0.tgz#388539f55179bf39339c81af30a654d69f87cb75"
  integrity sha1-OIU59VF5vzkznIGvMKZU1p+Hy3U=

ansi-styles@^4.0.0, ansi-styles@^4.1.0:
  version "4.3.0"
  resolved "https://packages.atlassian.com/api/npm/npm-remote/ansi-styles/-/ansi-styles-4.3.0.tgz#edd803628ae71c04c85ae7a0906edad34b648937"
  integrity sha1-7dgDYornHATIWuegkG7a00tkiTc=
  dependencies:
    color-convert "^2.0.1"

array.prototype.flat@^1.2.3:
  version "1.2.4"
  resolved "https://packages.atlassian.com/api/npm/npm-remote/array.prototype.flat/-/array.prototype.flat-1.2.4.tgz#6ef638b43312bd401b4c6199fdec7e2dc9e9a123"
  integrity sha1-bvY4tDMSvUAbTGGZ/ex+LcnpoSM=
  dependencies:
    call-bind "^1.0.0"
    define-properties "^1.1.3"
    es-abstract "^1.18.0-next.1"

breakword@^1.0.5:
  version "1.0.5"
  resolved "https://packages.atlassian.com/api/npm/npm-remote/breakword/-/breakword-1.0.5.tgz#fd420a417f55016736b5b615161cae1c8f819810"
  integrity sha1-/UIKQX9VAWc2tbYVFhyuHI+BmBA=
  dependencies:
    wcwidth "^1.0.1"

call-bind@^1.0.0, call-bind@^1.0.2:
  version "1.0.2"
  resolved "https://packages.atlassian.com/api/npm/npm-remote/call-bind/-/call-bind-1.0.2.tgz#b1d4e89e688119c3c9a903ad30abb2f6a919be3c"
  integrity sha1-sdTonmiBGcPJqQOtMKuy9qkZvjw=
  dependencies:
    function-bind "^1.1.1"
    get-intrinsic "^1.0.2"

camelcase@^5.0.0:
  version "5.3.1"
  resolved "https://packages.atlassian.com/api/npm/npm-remote/camelcase/-/camelcase-5.3.1.tgz#e3c9b31569e106811df242f715725a1f4c494320"
  integrity sha1-48mzFWnhBoEd8kL3FXJaH0xJQyA=

chalk@^3.0.0:
  version "3.0.0"
  resolved "https://packages.atlassian.com/api/npm/npm-remote/chalk/-/chalk-3.0.0.tgz#3f73c2bf526591f574cc492c51e2456349f844e4"
  integrity sha1-P3PCv1JlkfV0zEksUeJFY0n4ROQ=
  dependencies:
    ansi-styles "^4.1.0"
    supports-color "^7.1.0"

cliui@^6.0.0:
  version "6.0.0"
  resolved "https://packages.atlassian.com/api/npm/npm-remote/cliui/-/cliui-6.0.0.tgz#511d702c0c4e41ca156d7d0e96021f23e13225b1"
  integrity sha1-UR1wLAxOQcoVbX0OlgIfI+EyJbE=
  dependencies:
    string-width "^4.2.0"
    strip-ansi "^6.0.0"
    wrap-ansi "^6.2.0"

clone@^1.0.2:
  version "1.0.4"
  resolved "https://packages.atlassian.com/api/npm/npm-remote/clone/-/clone-1.0.4.tgz#da309cc263df15994c688ca902179ca3c7cd7c7e"
  integrity sha1-2jCcwmPfFZlMaIypAheco8fNfH4=

color-convert@^2.0.1:
  version "2.0.1"
  resolved "https://packages.atlassian.com/api/npm/npm-remote/color-convert/-/color-convert-2.0.1.tgz#72d3a68d598c9bdb3af2ad1e84f21d896abd4de3"
  integrity sha1-ctOmjVmMm9s68q0ehPIdiWq9TeM=
  dependencies:
    color-name "~1.1.4"

color-name@~1.1.4:
  version "1.1.4"
  resolved "https://packages.atlassian.com/api/npm/npm-remote/color-name/-/color-name-1.1.4.tgz#c2a09a87acbde69543de6f63fa3995c826c536a2"
  integrity sha1-wqCah6y95pVD3m9j+jmVyCbFNqI=

commander@^8.1.0:
  version "8.1.0"
  resolved "https://packages.atlassian.com/api/npm/npm-remote/commander/-/commander-8.1.0.tgz#db36e3e66edf24ff591d639862c6ab2c52664362"
  integrity sha1-2zbj5m7fJP9ZHWOYYsarLFJmQ2I=

csv-generate@^3.4.0:
  version "3.4.0"
  resolved "https://packages.atlassian.com/api/npm/npm-remote/csv-generate/-/csv-generate-3.4.0.tgz#360ed73ef8ec7119515a47c3bd5970ac4b988f00"
  integrity sha1-Ng7XPvjscRlRWkfDvVlwrEuYjwA=

csv-parse@^4.15.3:
  version "4.16.0"
  resolved "https://packages.atlassian.com/api/npm/npm-remote/csv-parse/-/csv-parse-4.16.0.tgz#b4c875e288a41f7ff917cb0d7d45880d563034f6"
  integrity sha1-tMh14oikH3/5F8sNfUWIDVYwNPY=

csv-stringify@^5.6.2:
  version "5.6.2"
  resolved "https://packages.atlassian.com/api/npm/npm-remote/csv-stringify/-/csv-stringify-5.6.2.tgz#e653783e2189c4c797fbb12abf7f4943c787caa9"
  integrity sha1-5lN4PiGJxMeX+7Eqv39JQ8eHyqk=

csv@^5.3.2:
  version "5.5.0"
  resolved "https://packages.atlassian.com/api/npm/npm-remote/csv/-/csv-5.5.0.tgz#8ef89e9ac22559064aedf3cbbb912ed4c2aaf9ac"
  integrity sha1-jviemsIlWQZK7fPLu5Eu1MKq+aw=
  dependencies:
    csv-generate "^3.4.0"
    csv-parse "^4.15.3"
    csv-stringify "^5.6.2"
    stream-transform "^2.1.0"

decamelize@^1.2.0:
  version "1.2.0"
  resolved "https://packages.atlassian.com/api/npm/npm-remote/decamelize/-/decamelize-1.2.0.tgz#f6534d15148269b20352e7bee26f501f9a191290"
  integrity sha1-9lNNFRSCabIDUue+4m9QH5oZEpA=

defaults@^1.0.3:
  version "1.0.3"
  resolved "https://packages.atlassian.com/api/npm/npm-remote/defaults/-/defaults-1.0.3.tgz#c656051e9817d9ff08ed881477f3fe4019f3ef7d"
  integrity sha1-xlYFHpgX2f8I7YgUd/P+QBnz730=
  dependencies:
    clone "^1.0.2"

define-properties@^1.1.3:
  version "1.1.3"
  resolved "https://packages.atlassian.com/api/npm/npm-remote/define-properties/-/define-properties-1.1.3.tgz#cf88da6cbee26fe6db7094f61d870cbd84cee9f1"
  integrity sha1-z4jabL7ib+bbcJT2HYcMvYTO6fE=
  dependencies:
    object-keys "^1.0.12"

emoji-regex@^8.0.0:
  version "8.0.0"
  resolved "https://packages.atlassian.com/api/npm/npm-remote/emoji-regex/-/emoji-regex-8.0.0.tgz#e818fd69ce5ccfcb404594f842963bf53164cc37"
  integrity sha1-6Bj9ac5cz8tARZT4QpY79TFkzDc=

es-abstract@^1.18.0-next.1:
  version "1.18.5"
  resolved "https://packages.atlassian.com/api/npm/npm-remote/es-abstract/-/es-abstract-1.18.5.tgz#9b10de7d4c206a3581fd5b2124233e04db49ae19"
  integrity sha1-mxDefUwgajWB/VshJCM+BNtJrhk=
  dependencies:
    call-bind "^1.0.2"
    es-to-primitive "^1.2.1"
    function-bind "^1.1.1"
    get-intrinsic "^1.1.1"
    has "^1.0.3"
    has-symbols "^1.0.2"
    internal-slot "^1.0.3"
    is-callable "^1.2.3"
    is-negative-zero "^2.0.1"
    is-regex "^1.1.3"
    is-string "^1.0.6"
    object-inspect "^1.11.0"
    object-keys "^1.1.1"
    object.assign "^4.1.2"
    string.prototype.trimend "^1.0.4"
    string.prototype.trimstart "^1.0.4"
    unbox-primitive "^1.0.1"

es-to-primitive@^1.2.1:
  version "1.2.1"
  resolved "https://packages.atlassian.com/api/npm/npm-remote/es-to-primitive/-/es-to-primitive-1.2.1.tgz#e55cd4c9cdc188bcefb03b366c736323fc5c898a"
  integrity sha1-5VzUyc3BiLzvsDs2bHNjI/xciYo=
  dependencies:
    is-callable "^1.1.4"
    is-date-object "^1.0.1"
    is-symbol "^1.0.2"

find-up@^4.1.0:
  version "4.1.0"
  resolved "https://packages.atlassian.com/api/npm/npm-remote/find-up/-/find-up-4.1.0.tgz#97afe7d6cdc0bc5928584b7c8d7b16e8a9aa5d19"
  integrity sha1-l6/n1s3AvFkoWEt8jXsW6KmqXRk=
  dependencies:
    locate-path "^5.0.0"
    path-exists "^4.0.0"

function-bind@^1.1.1:
  version "1.1.1"
  resolved "https://packages.atlassian.com/api/npm/npm-remote/function-bind/-/function-bind-1.1.1.tgz#a56899d3ea3c9bab874bb9773b7c5ede92f4895d"
  integrity sha1-pWiZ0+o8m6uHS7l3O3xe3pL0iV0=

get-caller-file@^2.0.1:
  version "2.0.5"
  resolved "https://packages.atlassian.com/api/npm/npm-remote/get-caller-file/-/get-caller-file-2.0.5.tgz#4f94412a82db32f36e3b0b9741f8a97feb031f7e"
  integrity sha1-T5RBKoLbMvNuOwuXQfipf+sDH34=

get-intrinsic@^1.0.2, get-intrinsic@^1.1.0, get-intrinsic@^1.1.1:
  version "1.1.1"
  resolved "https://packages.atlassian.com/api/npm/npm-remote/get-intrinsic/-/get-intrinsic-1.1.1.tgz#15f59f376f855c446963948f0d24cd3637b4abc6"
  integrity sha1-FfWfN2+FXERpY5SPDSTNNje0q8Y=
  dependencies:
    function-bind "^1.1.1"
    has "^1.0.3"
    has-symbols "^1.0.1"

grapheme-splitter@^1.0.4:
  version "1.0.4"
  resolved "https://packages.atlassian.com/api/npm/npm-remote/grapheme-splitter/-/grapheme-splitter-1.0.4.tgz#9cf3a665c6247479896834af35cf1dbb4400767e"
  integrity sha1-nPOmZcYkdHmJaDSvNc8du0QAdn4=

has-bigints@^1.0.1:
  version "1.0.1"
  resolved "https://packages.atlassian.com/api/npm/npm-remote/has-bigints/-/has-bigints-1.0.1.tgz#64fe6acb020673e3b78db035a5af69aa9d07b113"
  integrity sha1-ZP5qywIGc+O3jbA1pa9pqp0HsRM=

has-flag@^4.0.0:
  version "4.0.0"
  resolved "https://packages.atlassian.com/api/npm/npm-remote/has-flag/-/has-flag-4.0.0.tgz#944771fd9c81c81265c4d6941860da06bb59479b"
  integrity sha1-lEdx/ZyByBJlxNaUGGDaBrtZR5s=

has-symbols@^1.0.1, has-symbols@^1.0.2:
  version "1.0.2"
  resolved "https://packages.atlassian.com/api/npm/npm-remote/has-symbols/-/has-symbols-1.0.2.tgz#165d3070c00309752a1236a479331e3ac56f1423"
  integrity sha1-Fl0wcMADCXUqEjakeTMeOsVvFCM=

has-tostringtag@^1.0.0:
  version "1.0.0"
  resolved "https://packages.atlassian.com/api/npm/npm-remote/has-tostringtag/-/has-tostringtag-1.0.0.tgz#7e133818a7d394734f941e73c3d3f9291e658b25"
  integrity sha1-fhM4GKfTlHNPlB5zw9P5KR5liyU=
  dependencies:
    has-symbols "^1.0.2"

has@^1.0.3:
  version "1.0.3"
  resolved "https://packages.atlassian.com/api/npm/npm-remote/has/-/has-1.0.3.tgz#722d7cbfc1f6aa8241f16dd814e011e1f41e8796"
  integrity sha1-ci18v8H2qoJB8W3YFOAR4fQeh5Y=
  dependencies:
    function-bind "^1.1.1"

internal-slot@^1.0.3:
  version "1.0.3"
  resolved "https://packages.atlassian.com/api/npm/npm-remote/internal-slot/-/internal-slot-1.0.3.tgz#7347e307deeea2faac2ac6205d4bc7d34967f59c"
  integrity sha1-c0fjB97uovqsKsYgXUvH00ln9Zw=
  dependencies:
    get-intrinsic "^1.1.0"
    has "^1.0.3"
    side-channel "^1.0.4"

is-bigint@^1.0.1:
  version "1.0.3"
  resolved "https://packages.atlassian.com/api/npm/npm-remote/is-bigint/-/is-bigint-1.0.3.tgz#fc9d9e364210480675653ddaea0518528d49a581"
  integrity sha1-/J2eNkIQSAZ1ZT3a6gUYUo1JpYE=

is-boolean-object@^1.1.0:
  version "1.1.2"
  resolved "https://packages.atlassian.com/api/npm/npm-remote/is-boolean-object/-/is-boolean-object-1.1.2.tgz#5c6dc200246dd9321ae4b885a114bb1f75f63719"
  integrity sha1-XG3CACRt2TIa5LiFoRS7H3X2Nxk=
  dependencies:
    call-bind "^1.0.2"
    has-tostringtag "^1.0.0"

is-callable@^1.1.4, is-callable@^1.2.3:
  version "1.2.4"
  resolved "https://packages.atlassian.com/api/npm/npm-remote/is-callable/-/is-callable-1.2.4.tgz#47301d58dd0259407865547853df6d61fe471945"
  integrity sha1-RzAdWN0CWUB4ZVR4U99tYf5HGUU=

is-date-object@^1.0.1:
  version "1.0.5"
  resolved "https://packages.atlassian.com/api/npm/npm-remote/is-date-object/-/is-date-object-1.0.5.tgz#0841d5536e724c25597bf6ea62e1bd38298df31f"
  integrity sha1-CEHVU25yTCVZe/bqYuG9OCmN8x8=
  dependencies:
    has-tostringtag "^1.0.0"

is-fullwidth-code-point@^3.0.0:
  version "3.0.0"
  resolved "https://packages.atlassian.com/api/npm/npm-remote/is-fullwidth-code-point/-/is-fullwidth-code-point-3.0.0.tgz#f116f8064fe90b3f7844a38997c0b75051269f1d"
  integrity sha1-8Rb4Bk/pCz94RKOJl8C3UFEmnx0=

is-negative-zero@^2.0.1:
  version "2.0.1"
  resolved "https://packages.atlassian.com/api/npm/npm-remote/is-negative-zero/-/is-negative-zero-2.0.1.tgz#3de746c18dda2319241a53675908d8f766f11c24"
  integrity sha1-PedGwY3aIxkkGlNnWQjY92bxHCQ=

is-number-object@^1.0.4:
  version "1.0.6"
  resolved "https://packages.atlassian.com/api/npm/npm-remote/is-number-object/-/is-number-object-1.0.6.tgz#6a7aaf838c7f0686a50b4553f7e54a96494e89f0"
  integrity sha1-anqvg4x/BoalC0VT9+VKlklOifA=
  dependencies:
    has-tostringtag "^1.0.0"

is-regex@^1.1.3:
  version "1.1.4"
  resolved "https://packages.atlassian.com/api/npm/npm-remote/is-regex/-/is-regex-1.1.4.tgz#eef5663cd59fa4c0ae339505323df6854bb15958"
  integrity sha1-7vVmPNWfpMCuM5UFMj32hUuxWVg=
  dependencies:
    call-bind "^1.0.2"
    has-tostringtag "^1.0.0"

is-string@^1.0.5, is-string@^1.0.6:
  version "1.0.7"
  resolved "https://packages.atlassian.com/api/npm/npm-remote/is-string/-/is-string-1.0.7.tgz#0dd12bf2006f255bb58f695110eff7491eebc0fd"
  integrity sha1-DdEr8gBvJVu1j2lREO/3SR7rwP0=
  dependencies:
    has-tostringtag "^1.0.0"

is-symbol@^1.0.2, is-symbol@^1.0.3:
  version "1.0.4"
  resolved "https://packages.atlassian.com/api/npm/npm-remote/is-symbol/-/is-symbol-1.0.4.tgz#a6dac93b635b063ca6872236de88910a57af139c"
  integrity sha1-ptrJO2NbBjymhyI23oiRClevE5w=
  dependencies:
    has-symbols "^1.0.2"

kleur@^3.0.3:
  version "3.0.3"
  resolved "https://packages.atlassian.com/api/npm/npm-remote/kleur/-/kleur-3.0.3.tgz#a79c9ecc86ee1ce3fa6206d1216c501f147fc07e"
  integrity sha1-p5yezIbuHOP6YgbRIWxQHxR/wH4=

locate-path@^5.0.0:
  version "5.0.0"
  resolved "https://packages.atlassian.com/api/npm/npm-remote/locate-path/-/locate-path-5.0.0.tgz#1afba396afd676a6d42504d0a67a3a7eb9f62aa0"
  integrity sha1-Gvujlq/WdqbUJQTQpno6frn2KqA=
  dependencies:
    p-locate "^4.1.0"

mixme@^0.5.0:
  version "0.5.2"
  resolved "https://registry.yarnpkg.com/mixme/-/mixme-0.5.2.tgz#33c7e21d8e9b73abc2711c5197ae6c93f65fe0e4"
  integrity sha512-fzzuzXSqp14Mk2eZK15yqcJHwNlLtg+EliQBO/ihYfZed9WUuDHR9ZuEUqQDD8FcW/742y0JGq8xBfL9fNsWZw==

object-inspect@^1.11.0, object-inspect@^1.9.0:
  version "1.11.0"
  resolved "https://packages.atlassian.com/api/npm/npm-remote/object-inspect/-/object-inspect-1.11.0.tgz#9dceb146cedd4148a0d9e51ab88d34cf509922b1"
  integrity sha1-nc6xRs7dQUig2eUauI00z1CZIrE=

object-keys@^1.0.12, object-keys@^1.1.1:
  version "1.1.1"
  resolved "https://packages.atlassian.com/api/npm/npm-remote/object-keys/-/object-keys-1.1.1.tgz#1c47f272df277f3b1daf061677d9c82e2322c60e"
  integrity sha1-HEfyct8nfzsdrwYWd9nILiMixg4=

object.assign@^4.1.2:
  version "4.1.2"
  resolved "https://packages.atlassian.com/api/npm/npm-remote/object.assign/-/object.assign-4.1.2.tgz#0ed54a342eceb37b38ff76eb831a0e788cb63940"
  integrity sha1-DtVKNC7Os3s4/3brgxoOeIy2OUA=
  dependencies:
    call-bind "^1.0.0"
    define-properties "^1.1.3"
    has-symbols "^1.0.1"
    object-keys "^1.1.1"

p-limit@^2.2.0:
  version "2.3.0"
  resolved "https://packages.atlassian.com/api/npm/npm-remote/p-limit/-/p-limit-2.3.0.tgz#3dd33c647a214fdfffd835933eb086da0dc21db1"
  integrity sha1-PdM8ZHohT9//2DWTPrCG2g3CHbE=
  dependencies:
    p-try "^2.0.0"

p-locate@^4.1.0:
  version "4.1.0"
  resolved "https://packages.atlassian.com/api/npm/npm-remote/p-locate/-/p-locate-4.1.0.tgz#a3428bb7088b3a60292f66919278b7c297ad4f07"
  integrity sha1-o0KLtwiLOmApL2aRkni3wpetTwc=
  dependencies:
    p-limit "^2.2.0"

p-try@^2.0.0:
  version "2.2.0"
  resolved "https://packages.atlassian.com/api/npm/npm-remote/p-try/-/p-try-2.2.0.tgz#cb2868540e313d61de58fafbe35ce9004d5540e6"
  integrity sha1-yyhoVA4xPWHeWPr741zpAE1VQOY=

path-exists@^4.0.0:
  version "4.0.0"
  resolved "https://packages.atlassian.com/api/npm/npm-remote/path-exists/-/path-exists-4.0.0.tgz#513bdbe2d3b95d7762e8c1137efa195c6c61b5b3"
  integrity sha1-UTvb4tO5XXdi6METfvoZXGxhtbM=

require-directory@^2.1.1:
  version "2.1.1"
  resolved "https://packages.atlassian.com/api/npm/npm-remote/require-directory/-/require-directory-2.1.1.tgz#8c64ad5fd30dab1c976e2344ffe7f792a6a6df42"
  integrity sha1-jGStX9MNqxyXbiNE/+f3kqam30I=

require-main-filename@^2.0.0:
  version "2.0.0"
  resolved "https://packages.atlassian.com/api/npm/npm-remote/require-main-filename/-/require-main-filename-2.0.0.tgz#d0b329ecc7cc0f61649f62215be69af54aa8989b"
  integrity sha1-0LMp7MfMD2Fkn2IhW+aa9UqomJs=

set-blocking@^2.0.0:
  version "2.0.0"
  resolved "https://packages.atlassian.com/api/npm/npm-remote/set-blocking/-/set-blocking-2.0.0.tgz#045f9782d011ae9a6803ddd382b24392b3d890f7"
  integrity sha1-BF+XgtARrppoA93TgrJDkrPYkPc=

side-channel@^1.0.4:
  version "1.0.4"
  resolved "https://packages.atlassian.com/api/npm/npm-remote/side-channel/-/side-channel-1.0.4.tgz#efce5c8fdc104ee751b25c58d4290011fa5ea2cf"
  integrity sha1-785cj9wQTudRslxY1CkAEfpeos8=
  dependencies:
    call-bind "^1.0.0"
    get-intrinsic "^1.0.2"
    object-inspect "^1.9.0"

smartwrap@^2.0.1:
  version "2.0.2"
  resolved "https://packages.atlassian.com/api/npm/npm-remote/smartwrap/-/smartwrap-2.0.2.tgz#7e25d3dd58b51c6ca4aba3a9e391650ea62698a4"
  integrity sha1-fiXT3Vi1HGykq6Op45FlDqYmmKQ=
  dependencies:
    array.prototype.flat "^1.2.3"
    breakword "^1.0.5"
    grapheme-splitter "^1.0.4"
    strip-ansi "^6.0.0"
    wcwidth "^1.0.1"
    yargs "^15.1.0"

stream-transform@^2.1.0:
  version "2.1.0"
  resolved "https://packages.atlassian.com/api/npm/npm-remote/stream-transform/-/stream-transform-2.1.0.tgz#e68cc062cced5b8ee669ae97f4be473eee5d9227"
  integrity sha1-5ozAYsztW47maa6X9L5HPu5dkic=
  dependencies:
    mixme "^0.5.0"

string-width@^4.1.0, string-width@^4.2.0:
  version "4.2.2"
  resolved "https://packages.atlassian.com/api/npm/npm-remote/string-width/-/string-width-4.2.2.tgz#dafd4f9559a7585cfba529c6a0a4f73488ebd4c5"
  integrity sha1-2v1PlVmnWFz7pSnGoKT3NIjr1MU=
  dependencies:
    emoji-regex "^8.0.0"
    is-fullwidth-code-point "^3.0.0"
    strip-ansi "^6.0.0"

string.prototype.trimend@^1.0.4:
  version "1.0.4"
  resolved "https://packages.atlassian.com/api/npm/npm-remote/string.prototype.trimend/-/string.prototype.trimend-1.0.4.tgz#e75ae90c2942c63504686c18b287b4a0b1a45f80"
  integrity sha1-51rpDClCxjUEaGwYsoe0oLGkX4A=
  dependencies:
    call-bind "^1.0.2"
    define-properties "^1.1.3"

string.prototype.trimstart@^1.0.4:
  version "1.0.4"
  resolved "https://packages.atlassian.com/api/npm/npm-remote/string.prototype.trimstart/-/string.prototype.trimstart-1.0.4.tgz#b36399af4ab2999b4c9c648bd7a3fb2bb26feeed"
  integrity sha1-s2OZr0qymZtMnGSL16P7K7Jv7u0=
  dependencies:
    call-bind "^1.0.2"
    define-properties "^1.1.3"

strip-ansi@^6.0.0:
  version "6.0.0"
  resolved "https://packages.atlassian.com/api/npm/npm-remote/strip-ansi/-/strip-ansi-6.0.0.tgz#0b1571dd7669ccd4f3e06e14ef1eed26225ae532"
  integrity sha1-CxVx3XZpzNTz4G4U7x7tJiJa5TI=
  dependencies:
    ansi-regex "^5.0.0"

supports-color@^7.1.0:
  version "7.2.0"
  resolved "https://packages.atlassian.com/api/npm/npm-remote/supports-color/-/supports-color-7.2.0.tgz#1b7dcdcb32b8138801b3e478ba6a51caa89648da"
  integrity sha1-G33NyzK4E4gBs+R4umpRyqiWSNo=
  dependencies:
    has-flag "^4.0.0"

tty-table@^4.1.1:
  version "4.1.3"
  resolved "https://packages.atlassian.com/api/npm/npm-remote/tty-table/-/tty-table-4.1.3.tgz#78fd74d3a020259e81cd7c772599d921e3f0af7f"
  integrity sha1-eP1006AgJZ6BzXx3JZnZIePwr38=
  dependencies:
    chalk "^3.0.0"
    csv "^5.3.2"
    kleur "^3.0.3"
    smartwrap "^2.0.1"
    strip-ansi "^6.0.0"
    wcwidth "^1.0.1"
    yargs "^15.3.1"

unbox-primitive@^1.0.1:
  version "1.0.1"
  resolved "https://packages.atlassian.com/api/npm/npm-remote/unbox-primitive/-/unbox-primitive-1.0.1.tgz#085e215625ec3162574dc8859abee78a59b14471"
  integrity sha1-CF4hViXsMWJXTciFmr7nilmxRHE=
  dependencies:
    function-bind "^1.1.1"
    has-bigints "^1.0.1"
    has-symbols "^1.0.2"
    which-boxed-primitive "^1.0.2"

wcwidth@^1.0.1:
  version "1.0.1"
  resolved "https://packages.atlassian.com/api/npm/npm-remote/wcwidth/-/wcwidth-1.0.1.tgz#f0b0dcf915bc5ff1528afadb2c0e17b532da2fe8"
  integrity sha1-8LDc+RW8X/FSivrbLA4XtTLaL+g=
  dependencies:
    defaults "^1.0.3"

which-boxed-primitive@^1.0.2:
  version "1.0.2"
  resolved "https://packages.atlassian.com/api/npm/npm-remote/which-boxed-primitive/-/which-boxed-primitive-1.0.2.tgz#13757bc89b209b049fe5d86430e21cf40a89a8e6"
  integrity sha1-E3V7yJsgmwSf5dhkMOIc9AqJqOY=
  dependencies:
    is-bigint "^1.0.1"
    is-boolean-object "^1.1.0"
    is-number-object "^1.0.4"
    is-string "^1.0.5"
    is-symbol "^1.0.3"

which-module@^2.0.0:
  version "2.0.0"
  resolved "https://packages.atlassian.com/api/npm/npm-remote/which-module/-/which-module-2.0.0.tgz#d9ef07dce77b9902b8a3a8fa4b31c3e3f7e6e87a"
  integrity sha1-2e8H3Od7mQK4o6j6SzHD4/fm6Ho=

wrap-ansi@^6.2.0:
  version "6.2.0"
  resolved "https://packages.atlassian.com/api/npm/npm-remote/wrap-ansi/-/wrap-ansi-6.2.0.tgz#e9393ba07102e6c91a3b221478f0257cd2856e53"
  integrity sha1-6Tk7oHEC5skaOyIUePAlfNKFblM=
  dependencies:
    ansi-styles "^4.0.0"
    string-width "^4.1.0"
    strip-ansi "^6.0.0"

y18n@^4.0.0:
  version "4.0.3"
  resolved "https://packages.atlassian.com/api/npm/npm-remote/y18n/-/y18n-4.0.3.tgz#b5f259c82cd6e336921efd7bfd8bf560de9eeedf"
  integrity sha1-tfJZyCzW4zaSHv17/Yv1YN6e7t8=

yargs-parser@^18.1.2:
  version "18.1.3"
  resolved "https://packages.atlassian.com/api/npm/npm-remote/yargs-parser/-/yargs-parser-18.1.3.tgz#be68c4975c6b2abf469236b0c870362fab09a7b0"
  integrity sha1-vmjEl1xrKr9GkjawyHA2L6sJp7A=
  dependencies:
    camelcase "^5.0.0"
    decamelize "^1.2.0"

yargs@^15.1.0, yargs@^15.3.1:
  version "15.4.1"
  resolved "https://packages.atlassian.com/api/npm/npm-remote/yargs/-/yargs-15.4.1.tgz#0d87a16de01aee9d8bec2bfbf74f67851730f4f8"
  integrity sha1-DYehbeAa7p2L7Cv7909nhRcw9Pg=
  dependencies:
    cliui "^6.0.0"
    decamelize "^1.2.0"
    find-up "^4.1.0"
    get-caller-file "^2.0.1"
    require-directory "^2.1.1"
    require-main-filename "^2.0.0"
    set-blocking "^2.0.0"
    string-width "^4.2.0"
    which-module "^2.0.0"
    y18n "^4.0.0"
    yargs-parser "^18.1.2"
